<?xml version="1.0" encoding="utf-8"?>
<Project ToolsVersion="4.0" xmlns="http://schemas.microsoft.com/developer/msbuild/2003">
  <ItemGroup>
    <Filter Include="Source Files">
      <UniqueIdentifier>{4FC737F1-C7A5-4376-A066-2A32D752A2FF}</UniqueIdentifier>
      <Extensions>cpp;c;cc;cxx;def;odl;idl;hpj;bat;asm;asmx</Extensions>
    </Filter>
    <Filter Include="Header Files">
      <UniqueIdentifier>{93995380-89BD-4b04-88EB-625FBE52EBFB}</UniqueIdentifier>
      <Extensions>h;hh;hpp;hxx;hm;inl;inc;ipp;xsd</Extensions>
    </Filter>
    <Filter Include="Resource Files">
      <UniqueIdentifier>{67DA6AB6-F800-4c08-8B7A-83BB121AAD01}</UniqueIdentifier>
      <Extensions>rc;ico;cur;bmp;dlg;rc2;rct;bin;rgs;gif;jpg;jpeg;jpe;resx;tiff;tif;png;wav;mfcribbon-ms</Extensions>
    </Filter>
    <Filter Include="Source Files\game">
      <UniqueIdentifier>{b4f1eb23-0452-44b4-82ee-3fe8f49a942e}</UniqueIdentifier>
    </Filter>
    <Filter Include="Source Files\vision">
      <UniqueIdentifier>{a71c9313-9628-4dc3-b423-b5bb8fe8cb83}</UniqueIdentifier>
    </Filter>
    <Filter Include="Header Files\game">
      <UniqueIdentifier>{df24083e-5b4c-42a0-82d4-1edb1dfaa29a}</UniqueIdentifier>
    </Filter>
    <Filter Include="Source Files\game\states">
      <UniqueIdentifier>{2f0142e6-39ed-4095-882c-3788481da1a0}</UniqueIdentifier>
    </Filter>
    <Filter Include="Header Files\game\states">
      <UniqueIdentifier>{4081df57-95ae-432d-a4c3-43e8b3a4059a}</UniqueIdentifier>
    </Filter>
    <Filter Include="Source Files\game\modelloader">
      <UniqueIdentifier>{1217bb75-d02b-487e-9884-49df61adb9d7}</UniqueIdentifier>
    </Filter>
    <Filter Include="Header Files\game\modelloader">
      <UniqueIdentifier>{d64c93bf-8870-4a9f-8513-2f3dab351b67}</UniqueIdentifier>
    </Filter>
    <Filter Include="Header Files\game\components">
      <UniqueIdentifier>{e44dfeaa-98e5-40ec-9b70-051291c2c221}</UniqueIdentifier>
    </Filter>
    <Filter Include="Source Files\game\components">
      <UniqueIdentifier>{06934cc6-a2c0-4cb8-a1e6-dcdfca832901}</UniqueIdentifier>
    </Filter>
    <Filter Include="Header Files\vision">
      <UniqueIdentifier>{769ebc2f-af86-4796-952c-6ae6e47d5a1d}</UniqueIdentifier>
    </Filter>
    <Filter Include="Source Files\game\audio">
      <UniqueIdentifier>{f52fc142-bcf7-4827-9fd6-6d14d3760461}</UniqueIdentifier>
    </Filter>
    <Filter Include="Header Files\game\audio">
      <UniqueIdentifier>{362d744f-e14b-4fbc-921a-6317eca272b4}</UniqueIdentifier>
    </Filter>
    <Filter Include="Resource Files\models">
      <UniqueIdentifier>{bd7bb985-265a-431d-863a-2fef620e295d}</UniqueIdentifier>
    </Filter>
  </ItemGroup>
  <ItemGroup>
    <ClInclude Include="Game.h">
      <Filter>Header Files\game</Filter>
    </ClInclude>
    <ClInclude Include="World.h">
      <Filter>Header Files\game</Filter>
    </ClInclude>
    <ClInclude Include="GameState.h">
      <Filter>Header Files\game\states</Filter>
    </ClInclude>
    <ClInclude Include="PlayState.h">
      <Filter>Header Files\game\states</Filter>
    </ClInclude>
    <ClInclude Include="PauseState.h">
      <Filter>Header Files\game\states</Filter>
    </ClInclude>
    <ClInclude Include="HomeState.h">
      <Filter>Header Files\game\states</Filter>
    </ClInclude>
    <ClInclude Include="ObjModel.h">
      <Filter>Header Files\game\modelloader</Filter>
    </ClInclude>
    <ClInclude Include="Texture.h">
      <Filter>Header Files\game\modelloader</Filter>
    </ClInclude>
    <ClInclude Include="stbi.h">
      <Filter>Header Files\game\modelloader</Filter>
    </ClInclude>
    <ClInclude Include="Component.h">
      <Filter>Header Files\game\components</Filter>
    </ClInclude>
    <ClInclude Include="GameObject.h">
      <Filter>Header Files\game\components</Filter>
    </ClInclude>
    <ClInclude Include="PlayerComponent.h">
      <Filter>Header Files\game\components</Filter>
    </ClInclude>
    <ClInclude Include="CubeComponent.h">
      <Filter>Header Files\game\components</Filter>
    </ClInclude>
    <ClInclude Include="DrawComponent.h">
      <Filter>Header Files\game\components</Filter>
    </ClInclude>
    <ClInclude Include="Vec.h">
      <Filter>Header Files\game\components</Filter>
    </ClInclude>
    <ClInclude Include="Vec.h">
      <Filter>Header Files</Filter>
    </ClInclude>
    <ClInclude Include="WorldComponent.h">
      <Filter>Header Files\game\components</Filter>
    </ClInclude>
    <ClInclude Include="WhitekastObject.h">
      <Filter>Header Files\vision</Filter>
    </ClInclude>
    <ClInclude Include="WhitekastVision.h">
      <Filter>Header Files\vision</Filter>
    </ClInclude>
    <ClInclude Include="Wall.h">
      <Filter>Header Files</Filter>
    </ClInclude>
    <ClInclude Include="AudioManager.h">
      <Filter>Header Files\game\audio</Filter>
    </ClInclude>
    <ClInclude Include="BallComponent.h">
      <Filter>Header Files\game\components</Filter>
    </ClInclude>
  </ItemGroup>
  <ItemGroup>
    <ClCompile Include="Game.cpp">
      <Filter>Source Files\game</Filter>
    </ClCompile>
    <ClCompile Include="World.cpp">
      <Filter>Source Files\game</Filter>
    </ClCompile>
    <ClCompile Include="Main.cpp">
      <Filter>Source Files</Filter>
    </ClCompile>
    <ClCompile Include="GameState.cpp">
      <Filter>Source Files\game\states</Filter>
    </ClCompile>
    <ClCompile Include="PlayState.cpp">
      <Filter>Source Files\game\states</Filter>
    </ClCompile>
    <ClCompile Include="PauseState.cpp">
      <Filter>Source Files\game\states</Filter>
    </ClCompile>
    <ClCompile Include="HomeState.cpp">
      <Filter>Source Files\game\states</Filter>
    </ClCompile>
    <ClCompile Include="ObjModel.cpp">
      <Filter>Source Files\game\modelloader</Filter>
    </ClCompile>
    <ClCompile Include="Texture.cpp">
      <Filter>Source Files\game\modelloader</Filter>
    </ClCompile>
    <ClCompile Include="Component.cpp">
      <Filter>Source Files\game\components</Filter>
    </ClCompile>
    <ClCompile Include="GameObject.cpp">
      <Filter>Source Files\game\components</Filter>
    </ClCompile>
    <ClCompile Include="CubeComponent.cpp">
      <Filter>Source Files\game\components</Filter>
    </ClCompile>
    <ClCompile Include="DrawComponent.cpp">
      <Filter>Source Files\game\components</Filter>
    </ClCompile>
    <ClCompile Include="Vec.cpp">
      <Filter>Source Files\game\components</Filter>
    </ClCompile>
    <ClCompile Include="Vec.cpp">
      <Filter>Source Files</Filter>
    </ClCompile>
    <ClCompile Include="WorldComponent.cpp">
      <Filter>Source Files\game\components</Filter>
    </ClCompile>
    <ClCompile Include="WhitekastObject.cpp">
      <Filter>Source Files\vision</Filter>
    </ClCompile>
    <ClCompile Include="WhitekastVision.cpp">
      <Filter>Source Files\vision</Filter>
    </ClCompile>
    <ClCompile Include="AudioManager.cpp">
      <Filter>Source Files\game\audio</Filter>
    </ClCompile>
    <ClCompile Include="BallComponent.cpp">
      <Filter>Source Files\game\components</Filter>
    </ClCompile>
  </ItemGroup>
  <ItemGroup>
    <None Include="pinball_1.0.mtl">
      <Filter>Resource Files\models</Filter>
    </None>
    <None Include="pinball_2.0.mtl">
      <Filter>Resource Files\models</Filter>
    </None>
    <None Include="pinball_3.0.mtl">
      <Filter>Resource Files\models</Filter>
    </None>
  </ItemGroup>
  <ItemGroup>
    <Object Include="pinball_1.0.obj">
      <Filter>Resource Files\models</Filter>
    </Object>
    <Object Include="pinball_2.0.obj">
      <Filter>Resource Files\models</Filter>
    </Object>
    <Object Include="pinball_3.0.obj">
      <Filter>Resource Files\models</Filter>
    </Object>
  </ItemGroup>
  <ItemGroup>
    <Image Include="pinball_1.0.png">
      <Filter>Resource Files\models</Filter>
    </Image>
    <Image Include="pinball_2.0.png">
      <Filter>Resource Files\models</Filter>
    </Image>
    <Image Include="pinball_3.0.png">
      <Filter>Resource Files\models</Filter>
    </Image>
  </ItemGroup>
</Project>